
Microsoft Visual Studio Solution File, Format Version 12.00
# Visual Studio Version 16
VisualStudioVersion = 16.0.30114.105
MinimumVisualStudioVersion = 10.0.40219.1
Project("{2150E333-8FDC-42A3-9474-1A3956D46DE8}") = "src", "src", "{2D50E99D-EE74-4C00-8BCA-ACED989BB114}"
EndProject
Project("{2150E333-8FDC-42A3-9474-1A3956D46DE8}") = "Building Blocks", "Building Blocks", "{608CB2F5-2025-436A-8831-AC1714DEE2D7}"
EndProject
Project("{2150E333-8FDC-42A3-9474-1A3956D46DE8}") = "Services", "Services", "{47DF2029-6256-41B1-80C8-758F4D61CF13}"
EndProject
Project("{2150E333-8FDC-42A3-9474-1A3956D46DE8}") = "Web", "Web", "{37E6DD34-4F37-402C-B2E6-C5CB66A132CC}"
EndProject
Project("{2150E333-8FDC-42A3-9474-1A3956D46DE8}") = "Identidade", "Identidade", "{41E1BA00-9777-40A1-B4EC-0E28CCC4398A}"
EndProject
Project("{9A19103F-16F7-4668-BE54-9A1E7A4F7556}") = "NSE.Identidade.API", "src\services\NSE.Identidade.API\NSE.Identidade.API.csproj", "{2F6664A2-CF95-4C02-A866-CE244CF7B835}"
EndProject
Project("{2150E333-8FDC-42A3-9474-1A3956D46DE8}") = "MVC", "MVC", "{5459EA63-B392-4AA7-B7AB-34106B55B947}"
EndProject
Project("{9A19103F-16F7-4668-BE54-9A1E7A4F7556}") = "NSE.WebApp.MVC", "src\web\NSE.WebApp.MVC\NSE.WebApp.MVC.csproj", "{688D69E8-96E1-4881-BB47-BD0AA2A046B3}"
EndProject
Project("{2150E333-8FDC-42A3-9474-1A3956D46DE8}") = "Core", "Core", "{B860CDFB-533B-402B-98D9-1B90F19226FA}"
EndProject
Project("{9A19103F-16F7-4668-BE54-9A1E7A4F7556}") = "NSE.Core", "src\building blocks\NSE.Core\NSE.Core.csproj", "{6A02C7FB-C8CE-40B8-B308-BB2ADED19E3A}"
EndProject
Project("{2150E333-8FDC-42A3-9474-1A3956D46DE8}") = "Carrinho", "Carrinho", "{53894649-B691-4BFC-B515-858DE4AF6BCA}"
EndProject
Project("{9A19103F-16F7-4668-BE54-9A1E7A4F7556}") = "NSE.Carrinho.API", "src\services\NSE.Carrinho.API\NSE.Carrinho.API.csproj", "{4B86D12C-A59D-43CE-8293-D1C9213F0F2B}"
EndProject
Project("{2150E333-8FDC-42A3-9474-1A3956D46DE8}") = "Catalogo", "Catalogo", "{7D2C649E-E557-4FB2-AFFF-1BBFBAB0D3C3}"
EndProject
Project("{2150E333-8FDC-42A3-9474-1A3956D46DE8}") = "Cliente", "Cliente", "{A7A55741-EA6D-453A-9113-6C2F9B810DBF}"
EndProject
Project("{2150E333-8FDC-42A3-9474-1A3956D46DE8}") = "Pagamento", "Pagamento", "{2BF38982-C1AF-406C-8CFF-C7EE86FA3E50}"
EndProject
Project("{2150E333-8FDC-42A3-9474-1A3956D46DE8}") = "Pedido", "Pedido", "{CC16230B-DF60-467D-8D13-F84463B782A5}"
EndProject
Project("{9A19103F-16F7-4668-BE54-9A1E7A4F7556}") = "NSE.Catalogo.API", "src\services\NSE.Catalogo.API\NSE.Catalogo.API.csproj", "{ADDD61EA-54BF-475D-BC1A-CDBE006F086F}"
EndProject
Project("{9A19103F-16F7-4668-BE54-9A1E7A4F7556}") = "NSE.Cliente.API", "src\services\NSE.Cliente.API\NSE.Cliente.API.csproj", "{32623D59-BA8F-4B59-9233-109D1A759CC2}"
EndProject
Project("{9A19103F-16F7-4668-BE54-9A1E7A4F7556}") = "NSE.Pagamento.API", "src\services\NSE.Pagamento.API\NSE.Pagamento.API.csproj", "{CD665CE1-FA2D-463C-AB8C-D9483B887A73}"
EndProject
Project("{9A19103F-16F7-4668-BE54-9A1E7A4F7556}") = "NSE.Pedido.API", "src\services\NSE.Pedido.API\NSE.Pedido.API.csproj", "{65F6DD2E-ADE0-412A-9A04-5FA08E21D6FD}"
EndProject
Global
	GlobalSection(SolutionConfigurationPlatforms) = preSolution
		Debug|Any CPU = Debug|Any CPU
		Release|Any CPU = Release|Any CPU
	EndGlobalSection
	GlobalSection(ProjectConfigurationPlatforms) = postSolution
		{2F6664A2-CF95-4C02-A866-CE244CF7B835}.Debug|Any CPU.ActiveCfg = Debug|Any CPU
		{2F6664A2-CF95-4C02-A866-CE244CF7B835}.Debug|Any CPU.Build.0 = Debug|Any CPU
		{2F6664A2-CF95-4C02-A866-CE244CF7B835}.Release|Any CPU.ActiveCfg = Release|Any CPU
		{2F6664A2-CF95-4C02-A866-CE244CF7B835}.Release|Any CPU.Build.0 = Release|Any CPU
		{688D69E8-96E1-4881-BB47-BD0AA2A046B3}.Debug|Any CPU.ActiveCfg = Debug|Any CPU
		{688D69E8-96E1-4881-BB47-BD0AA2A046B3}.Debug|Any CPU.Build.0 = Debug|Any CPU
		{688D69E8-96E1-4881-BB47-BD0AA2A046B3}.Release|Any CPU.ActiveCfg = Release|Any CPU
		{688D69E8-96E1-4881-BB47-BD0AA2A046B3}.Release|Any CPU.Build.0 = Release|Any CPU
		{6A02C7FB-C8CE-40B8-B308-BB2ADED19E3A}.Debug|Any CPU.ActiveCfg = Debug|Any CPU
		{6A02C7FB-C8CE-40B8-B308-BB2ADED19E3A}.Debug|Any CPU.Build.0 = Debug|Any CPU
		{6A02C7FB-C8CE-40B8-B308-BB2ADED19E3A}.Release|Any CPU.ActiveCfg = Release|Any CPU
		{6A02C7FB-C8CE-40B8-B308-BB2ADED19E3A}.Release|Any CPU.Build.0 = Release|Any CPU
		{4B86D12C-A59D-43CE-8293-D1C9213F0F2B}.Debug|Any CPU.ActiveCfg = Debug|Any CPU
		{4B86D12C-A59D-43CE-8293-D1C9213F0F2B}.Debug|Any CPU.Build.0 = Debug|Any CPU
		{4B86D12C-A59D-43CE-8293-D1C9213F0F2B}.Release|Any CPU.ActiveCfg = Release|Any CPU
		{4B86D12C-A59D-43CE-8293-D1C9213F0F2B}.Release|Any CPU.Build.0 = Release|Any CPU
		{ADDD61EA-54BF-475D-BC1A-CDBE006F086F}.Debug|Any CPU.ActiveCfg = Debug|Any CPU
		{ADDD61EA-54BF-475D-BC1A-CDBE006F086F}.Debug|Any CPU.Build.0 = Debug|Any CPU
		{ADDD61EA-54BF-475D-BC1A-CDBE006F086F}.Release|Any CPU.ActiveCfg = Release|Any CPU
		{ADDD61EA-54BF-475D-BC1A-CDBE006F086F}.Release|Any CPU.Build.0 = Release|Any CPU
		{32623D59-BA8F-4B59-9233-109D1A759CC2}.Debug|Any CPU.ActiveCfg = Debug|Any CPU
		{32623D59-BA8F-4B59-9233-109D1A759CC2}.Debug|Any CPU.Build.0 = Debug|Any CPU
		{32623D59-BA8F-4B59-9233-109D1A759CC2}.Release|Any CPU.ActiveCfg = Release|Any CPU
		{32623D59-BA8F-4B59-9233-109D1A759CC2}.Release|Any CPU.Build.0 = Release|Any CPU
		{CD665CE1-FA2D-463C-AB8C-D9483B887A73}.Debug|Any CPU.ActiveCfg = Debug|Any CPU
		{CD665CE1-FA2D-463C-AB8C-D9483B887A73}.Debug|Any CPU.Build.0 = Debug|Any CPU
		{CD665CE1-FA2D-463C-AB8C-D9483B887A73}.Release|Any CPU.ActiveCfg = Release|Any CPU
		{CD665CE1-FA2D-463C-AB8C-D9483B887A73}.Release|Any CPU.Build.0 = Release|Any CPU
		{65F6DD2E-ADE0-412A-9A04-5FA08E21D6FD}.Debug|Any CPU.ActiveCfg = Debug|Any CPU
		{65F6DD2E-ADE0-412A-9A04-5FA08E21D6FD}.Debug|Any CPU.Build.0 = Debug|Any CPU
		{65F6DD2E-ADE0-412A-9A04-5FA08E21D6FD}.Release|Any CPU.ActiveCfg = Release|Any CPU
		{65F6DD2E-ADE0-412A-9A04-5FA08E21D6FD}.Release|Any CPU.Build.0 = Release|Any CPU
	EndGlobalSection
	GlobalSection(SolutionProperties) = preSolution
		HideSolutionNode = FALSE
	EndGlobalSection
	GlobalSection(NestedProjects) = preSolution
		{608CB2F5-2025-436A-8831-AC1714DEE2D7} = {2D50E99D-EE74-4C00-8BCA-ACED989BB114}
		{47DF2029-6256-41B1-80C8-758F4D61CF13} = {2D50E99D-EE74-4C00-8BCA-ACED989BB114}
		{37E6DD34-4F37-402C-B2E6-C5CB66A132CC} = {2D50E99D-EE74-4C00-8BCA-ACED989BB114}
		{41E1BA00-9777-40A1-B4EC-0E28CCC4398A} = {47DF2029-6256-41B1-80C8-758F4D61CF13}
		{2F6664A2-CF95-4C02-A866-CE244CF7B835} = {41E1BA00-9777-40A1-B4EC-0E28CCC4398A}
		{5459EA63-B392-4AA7-B7AB-34106B55B947} = {37E6DD34-4F37-402C-B2E6-C5CB66A132CC}
		{688D69E8-96E1-4881-BB47-BD0AA2A046B3} = {5459EA63-B392-4AA7-B7AB-34106B55B947}
		{B860CDFB-533B-402B-98D9-1B90F19226FA} = {608CB2F5-2025-436A-8831-AC1714DEE2D7}
		{6A02C7FB-C8CE-40B8-B308-BB2ADED19E3A} = {B860CDFB-533B-402B-98D9-1B90F19226FA}
		{53894649-B691-4BFC-B515-858DE4AF6BCA} = {47DF2029-6256-41B1-80C8-758F4D61CF13}
		{4B86D12C-A59D-43CE-8293-D1C9213F0F2B} = {53894649-B691-4BFC-B515-858DE4AF6BCA}
		{7D2C649E-E557-4FB2-AFFF-1BBFBAB0D3C3} = {47DF2029-6256-41B1-80C8-758F4D61CF13}
		{A7A55741-EA6D-453A-9113-6C2F9B810DBF} = {47DF2029-6256-41B1-80C8-758F4D61CF13}
		{2BF38982-C1AF-406C-8CFF-C7EE86FA3E50} = {47DF2029-6256-41B1-80C8-758F4D61CF13}
		{CC16230B-DF60-467D-8D13-F84463B782A5} = {47DF2029-6256-41B1-80C8-758F4D61CF13}
		{ADDD61EA-54BF-475D-BC1A-CDBE006F086F} = {7D2C649E-E557-4FB2-AFFF-1BBFBAB0D3C3}
		{32623D59-BA8F-4B59-9233-109D1A759CC2} = {A7A55741-EA6D-453A-9113-6C2F9B810DBF}
		{CD665CE1-FA2D-463C-AB8C-D9483B887A73} = {2BF38982-C1AF-406C-8CFF-C7EE86FA3E50}
		{65F6DD2E-ADE0-412A-9A04-5FA08E21D6FD} = {CC16230B-DF60-467D-8D13-F84463B782A5}
	EndGlobalSection
	GlobalSection(ExtensibilityGlobals) = postSolution
		SolutionGuid = {3177C6D2-FF43-42DB-980F-63AC55AB97D1}
	EndGlobalSection
EndGlobal
